
Microsoft Visual Studio Solution File, Format Version 12.00
# Visual Studio 15
VisualStudioVersion = 15.0.27703.2035
MinimumVisualStudioVersion = 10.0.40219.1
Project("{FAE04EC0-301F-11D3-BF4B-00C04F79EFBC}") = "FizzBuzz.Android", "FizzBuzz\FizzBuzz.Android\FizzBuzz.Android.csproj", "{EA8B2161-09ED-4A6C-93B1-90DD42B83A8F}"
EndProject
Project("{FAE04EC0-301F-11D3-BF4B-00C04F79EFBC}") = "FizzBuzz.iOS", "FizzBuzz\FizzBuzz.iOS\FizzBuzz.iOS.csproj", "{4296BD7B-27A0-4885-92A3-1CDDD6EB86C7}"
EndProject
Project("{FAE04EC0-301F-11D3-BF4B-00C04F79EFBC}") = "FizzBuzz.UWP", "FizzBuzz\FizzBuzz.UWP\FizzBuzz.UWP.csproj", "{F2A75B28-4BC1-45A1-A384-5C499C12DE3C}"
EndProject
Project("{D954291E-2A0B-460D-934E-DC6B0785DB48}") = "FizzBuzz", "FizzBuzz\FizzBuzz\FizzBuzz.shproj", "{90D4F1E9-214D-4821-9FE9-28710E08683F}"
EndProject
Global
	GlobalSection(SharedMSBuildProjectFiles) = preSolution
		FizzBuzz\FizzBuzz\FizzBuzz.projitems*{4296bd7b-27a0-4885-92a3-1cddd6eb86c7}*SharedItemsImports = 4
		FizzBuzz\FizzBuzz\FizzBuzz.projitems*{90d4f1e9-214d-4821-9fe9-28710e08683f}*SharedItemsImports = 13
		FizzBuzz\FizzBuzz\FizzBuzz.projitems*{ea8b2161-09ed-4a6c-93b1-90dd42b83a8f}*SharedItemsImports = 4
		FizzBuzz\FizzBuzz\FizzBuzz.projitems*{f2a75b28-4bc1-45a1-a384-5c499c12de3c}*SharedItemsImports = 4
	EndGlobalSection
	GlobalSection(SolutionConfigurationPlatforms) = preSolution
		Ad-Hoc|Any CPU = Ad-Hoc|Any CPU
		Ad-Hoc|ARM = Ad-Hoc|ARM
		Ad-Hoc|iPhone = Ad-Hoc|iPhone
		Ad-Hoc|iPhoneSimulator = Ad-Hoc|iPhoneSimulator
		Ad-Hoc|x64 = Ad-Hoc|x64
		Ad-Hoc|x86 = Ad-Hoc|x86
		AppStore|Any CPU = AppStore|Any CPU
		AppStore|ARM = AppStore|ARM
		AppStore|iPhone = AppStore|iPhone
		AppStore|iPhoneSimulator = AppStore|iPhoneSimulator
		AppStore|x64 = AppStore|x64
		AppStore|x86 = AppStore|x86
		Debug|Any CPU = Debug|Any CPU
		Debug|ARM = Debug|ARM
		Debug|iPhone = Debug|iPhone
		Debug|iPhoneSimulator = Debug|iPhoneSimulator
		Debug|x64 = Debug|x64
		Debug|x86 = Debug|x86
		Release|Any CPU = Release|Any CPU
		Release|ARM = Release|ARM
		Release|iPhone = Release|iPhone
		Release|iPhoneSimulator = Release|iPhoneSimulator
		Release|x64 = Release|x64
		Release|x86 = Release|x86
	EndGlobalSection
	GlobalSection(ProjectConfigurationPlatforms) = postSolution
		{EA8B2161-09ED-4A6C-93B1-90DD42B83A8F}.Ad-Hoc|Any CPU.ActiveCfg = Release|Any CPU
		{EA8B2161-09ED-4A6C-93B1-90DD42B83A8F}.Ad-Hoc|Any CPU.Build.0 = Release|Any CPU
		{EA8B2161-09ED-4A6C-93B1-90DD42B83A8F}.Ad-Hoc|Any CPU.Deploy.0 = Release|Any CPU
		{EA8B2161-09ED-4A6C-93B1-90DD42B83A8F}.Ad-Hoc|ARM.ActiveCfg = Release|Any CPU
		{EA8B2161-09ED-4A6C-93B1-90DD42B83A8F}.Ad-Hoc|ARM.Build.0 = Release|Any CPU
		{EA8B2161-09ED-4A6C-93B1-90DD42B83A8F}.Ad-Hoc|ARM.Deploy.0 = Release|Any CPU
		{EA8B2161-09ED-4A6C-93B1-90DD42B83A8F}.Ad-Hoc|iPhone.ActiveCfg = Release|Any CPU
		{EA8B2161-09ED-4A6C-93B1-90DD42B83A8F}.Ad-Hoc|iPhone.Build.0 = Release|Any CPU
		{EA8B2161-09ED-4A6C-93B1-90DD42B83A8F}.Ad-Hoc|iPhone.Deploy.0 = Release|Any CPU
		{EA8B2161-09ED-4A6C-93B1-90DD42B83A8F}.Ad-Hoc|iPhoneSimulator.ActiveCfg = Release|Any CPU
		{EA8B2161-09ED-4A6C-93B1-90DD42B83A8F}.Ad-Hoc|iPhoneSimulator.Build.0 = Release|Any CPU
		{EA8B2161-09ED-4A6C-93B1-90DD42B83A8F}.Ad-Hoc|iPhoneSimulator.Deploy.0 = Release|Any CPU
		{EA8B2161-09ED-4A6C-93B1-90DD42B83A8F}.Ad-Hoc|x64.ActiveCfg = Release|Any CPU
		{EA8B2161-09ED-4A6C-93B1-90DD42B83A8F}.Ad-Hoc|x64.Build.0 = Release|Any CPU
		{EA8B2161-09ED-4A6C-93B1-90DD42B83A8F}.Ad-Hoc|x64.Deploy.0 = Release|Any CPU
		{EA8B2161-09ED-4A6C-93B1-90DD42B83A8F}.Ad-Hoc|x86.ActiveCfg = Release|Any CPU
		{EA8B2161-09ED-4A6C-93B1-90DD42B83A8F}.Ad-Hoc|x86.Build.0 = Release|Any CPU
		{EA8B2161-09ED-4A6C-93B1-90DD42B83A8F}.Ad-Hoc|x86.Deploy.0 = Release|Any CPU
		{EA8B2161-09ED-4A6C-93B1-90DD42B83A8F}.AppStore|Any CPU.ActiveCfg = Release|Any CPU
		{EA8B2161-09ED-4A6C-93B1-90DD42B83A8F}.AppStore|Any CPU.Build.0 = Release|Any CPU
		{EA8B2161-09ED-4A6C-93B1-90DD42B83A8F}.AppStore|Any CPU.Deploy.0 = Release|Any CPU
		{EA8B2161-09ED-4A6C-93B1-90DD42B83A8F}.AppStore|ARM.ActiveCfg = Release|Any CPU
		{EA8B2161-09ED-4A6C-93B1-90DD42B83A8F}.AppStore|ARM.Build.0 = Release|Any CPU
		{EA8B2161-09ED-4A6C-93B1-90DD42B83A8F}.AppStore|ARM.Deploy.0 = Release|Any CPU
		{EA8B2161-09ED-4A6C-93B1-90DD42B83A8F}.AppStore|iPhone.ActiveCfg = Release|Any CPU
		{EA8B2161-09ED-4A6C-93B1-90DD42B83A8F}.AppStore|iPhone.Build.0 = Release|Any CPU
		{EA8B2161-09ED-4A6C-93B1-90DD42B83A8F}.AppStore|iPhone.Deploy.0 = Release|Any CPU
		{EA8B2161-09ED-4A6C-93B1-90DD42B83A8F}.AppStore|iPhoneSimulator.ActiveCfg = Release|Any CPU
		{EA8B2161-09ED-4A6C-93B1-90DD42B83A8F}.AppStore|iPhoneSimulator.Build.0 = Release|Any CPU
		{EA8B2161-09ED-4A6C-93B1-90DD42B83A8F}.AppStore|iPhoneSimulator.Deploy.0 = Release|Any CPU
		{EA8B2161-09ED-4A6C-93B1-90DD42B83A8F}.AppStore|x64.ActiveCfg = Release|Any CPU
		{EA8B2161-09ED-4A6C-93B1-90DD42B83A8F}.AppStore|x64.Build.0 = Release|Any CPU
		{EA8B2161-09ED-4A6C-93B1-90DD42B83A8F}.AppStore|x64.Deploy.0 = Release|Any CPU
		{EA8B2161-09ED-4A6C-93B1-90DD42B83A8F}.AppStore|x86.ActiveCfg = Release|Any CPU
		{EA8B2161-09ED-4A6C-93B1-90DD42B83A8F}.AppStore|x86.Build.0 = Release|Any CPU
		{EA8B2161-09ED-4A6C-93B1-90DD42B83A8F}.AppStore|x86.Deploy.0 = Release|Any CPU
		{EA8B2161-09ED-4A6C-93B1-90DD42B83A8F}.Debug|Any CPU.ActiveCfg = Debug|Any CPU
		{EA8B2161-09ED-4A6C-93B1-90DD42B83A8F}.Debug|Any CPU.Build.0 = Debug|Any CPU
		{EA8B2161-09ED-4A6C-93B1-90DD42B83A8F}.Debug|Any CPU.Deploy.0 = Debug|Any CPU
		{EA8B2161-09ED-4A6C-93B1-90DD42B83A8F}.Debug|ARM.ActiveCfg = Debug|Any CPU
		{EA8B2161-09ED-4A6C-93B1-90DD42B83A8F}.Debug|ARM.Build.0 = Debug|Any CPU
		{EA8B2161-09ED-4A6C-93B1-90DD42B83A8F}.Debug|ARM.Deploy.0 = Debug|Any CPU
		{EA8B2161-09ED-4A6C-93B1-90DD42B83A8F}.Debug|iPhone.ActiveCfg = Debug|Any CPU
		{EA8B2161-09ED-4A6C-93B1-90DD42B83A8F}.Debug|iPhone.Build.0 = Debug|Any CPU
		{EA8B2161-09ED-4A6C-93B1-90DD42B83A8F}.Debug|iPhone.Deploy.0 = Debug|Any CPU
		{EA8B2161-09ED-4A6C-93B1-90DD42B83A8F}.Debug|iPhoneSimulator.ActiveCfg = Debug|Any CPU
		{EA8B2161-09ED-4A6C-93B1-90DD42B83A8F}.Debug|iPhoneSimulator.Build.0 = Debug|Any CPU
		{EA8B2161-09ED-4A6C-93B1-90DD42B83A8F}.Debug|iPhoneSimulator.Deploy.0 = Debug|Any CPU
		{EA8B2161-09ED-4A6C-93B1-90DD42B83A8F}.Debug|x64.ActiveCfg = Debug|Any CPU
		{EA8B2161-09ED-4A6C-93B1-90DD42B83A8F}.Debug|x64.Build.0 = Debug|Any CPU
		{EA8B2161-09ED-4A6C-93B1-90DD42B83A8F}.Debug|x64.Deploy.0 = Debug|Any CPU
		{EA8B2161-09ED-4A6C-93B1-90DD42B83A8F}.Debug|x86.ActiveCfg = Debug|Any CPU
		{EA8B2161-09ED-4A6C-93B1-90DD42B83A8F}.Debug|x86.Build.0 = Debug|Any CPU
		{EA8B2161-09ED-4A6C-93B1-90DD42B83A8F}.Debug|x86.Deploy.0 = Debug|Any CPU
		{EA8B2161-09ED-4A6C-93B1-90DD42B83A8F}.Release|Any CPU.ActiveCfg = Release|Any CPU
		{EA8B2161-09ED-4A6C-93B1-90DD42B83A8F}.Release|Any CPU.Build.0 = Release|Any CPU
		{EA8B2161-09ED-4A6C-93B1-90DD42B83A8F}.Release|Any CPU.Deploy.0 = Release|Any CPU
		{EA8B2161-09ED-4A6C-93B1-90DD42B83A8F}.Release|ARM.ActiveCfg = Release|Any CPU
		{EA8B2161-09ED-4A6C-93B1-90DD42B83A8F}.Release|ARM.Build.0 = Release|Any CPU
		{EA8B2161-09ED-4A6C-93B1-90DD42B83A8F}.Release|ARM.Deploy.0 = Release|Any CPU
		{EA8B2161-09ED-4A6C-93B1-90DD42B83A8F}.Release|iPhone.ActiveCfg = Release|Any CPU
		{EA8B2161-09ED-4A6C-93B1-90DD42B83A8F}.Release|iPhone.Build.0 = Release|Any CPU
		{EA8B2161-09ED-4A6C-93B1-90DD42B83A8F}.Release|iPhone.Deploy.0 = Release|Any CPU
		{EA8B2161-09ED-4A6C-93B1-90DD42B83A8F}.Release|iPhoneSimulator.ActiveCfg = Release|Any CPU
		{EA8B2161-09ED-4A6C-93B1-90DD42B83A8F}.Release|iPhoneSimulator.Build.0 = Release|Any CPU
		{EA8B2161-09ED-4A6C-93B1-90DD42B83A8F}.Release|iPhoneSimulator.Deploy.0 = Release|Any CPU
		{EA8B2161-09ED-4A6C-93B1-90DD42B83A8F}.Release|x64.ActiveCfg = Release|Any CPU
		{EA8B2161-09ED-4A6C-93B1-90DD42B83A8F}.Release|x64.Build.0 = Release|Any CPU
		{EA8B2161-09ED-4A6C-93B1-90DD42B83A8F}.Release|x64.Deploy.0 = Release|Any CPU
		{EA8B2161-09ED-4A6C-93B1-90DD42B83A8F}.Release|x86.ActiveCfg = Release|Any CPU
		{EA8B2161-09ED-4A6C-93B1-90DD42B83A8F}.Release|x86.Build.0 = Release|Any CPU
		{EA8B2161-09ED-4A6C-93B1-90DD42B83A8F}.Release|x86.Deploy.0 = Release|Any CPU
		{4296BD7B-27A0-4885-92A3-1CDDD6EB86C7}.Ad-Hoc|Any CPU.ActiveCfg = Ad-Hoc|iPhone
		{4296BD7B-27A0-4885-92A3-1CDDD6EB86C7}.Ad-Hoc|Any CPU.Build.0 = Ad-Hoc|iPhone
		{4296BD7B-27A0-4885-92A3-1CDDD6EB86C7}.Ad-Hoc|Any CPU.Deploy.0 = Ad-Hoc|iPhone
		{4296BD7B-27A0-4885-92A3-1CDDD6EB86C7}.Ad-Hoc|ARM.ActiveCfg = Ad-Hoc|iPhone
		{4296BD7B-27A0-4885-92A3-1CDDD6EB86C7}.Ad-Hoc|ARM.Build.0 = Ad-Hoc|iPhone
		{4296BD7B-27A0-4885-92A3-1CDDD6EB86C7}.Ad-Hoc|ARM.Deploy.0 = Ad-Hoc|iPhone
		{4296BD7B-27A0-4885-92A3-1CDDD6EB86C7}.Ad-Hoc|iPhone.ActiveCfg = Ad-Hoc|iPhone
		{4296BD7B-27A0-4885-92A3-1CDDD6EB86C7}.Ad-Hoc|iPhone.Build.0 = Ad-Hoc|iPhone
		{4296BD7B-27A0-4885-92A3-1CDDD6EB86C7}.Ad-Hoc|iPhone.Deploy.0 = Ad-Hoc|iPhone
		{4296BD7B-27A0-4885-92A3-1CDDD6EB86C7}.Ad-Hoc|iPhoneSimulator.ActiveCfg = Ad-Hoc|iPhoneSimulator
		{4296BD7B-27A0-4885-92A3-1CDDD6EB86C7}.Ad-Hoc|iPhoneSimulator.Build.0 = Ad-Hoc|iPhoneSimulator
		{4296BD7B-27A0-4885-92A3-1CDDD6EB86C7}.Ad-Hoc|iPhoneSimulator.Deploy.0 = Ad-Hoc|iPhoneSimulator
		{4296BD7B-27A0-4885-92A3-1CDDD6EB86C7}.Ad-Hoc|x64.ActiveCfg = Ad-Hoc|iPhone
		{4296BD7B-27A0-4885-92A3-1CDDD6EB86C7}.Ad-Hoc|x64.Build.0 = Ad-Hoc|iPhone
		{4296BD7B-27A0-4885-92A3-1CDDD6EB86C7}.Ad-Hoc|x64.Deploy.0 = Ad-Hoc|iPhone
		{4296BD7B-27A0-4885-92A3-1CDDD6EB86C7}.Ad-Hoc|x86.ActiveCfg = Ad-Hoc|iPhone
		{4296BD7B-27A0-4885-92A3-1CDDD6EB86C7}.Ad-Hoc|x86.Build.0 = Ad-Hoc|iPhone
		{4296BD7B-27A0-4885-92A3-1CDDD6EB86C7}.Ad-Hoc|x86.Deploy.0 = Ad-Hoc|iPhone
		{4296BD7B-27A0-4885-92A3-1CDDD6EB86C7}.AppStore|Any CPU.ActiveCfg = AppStore|iPhone
		{4296BD7B-27A0-4885-92A3-1CDDD6EB86C7}.AppStore|Any CPU.Build.0 = AppStore|iPhone
		{4296BD7B-27A0-4885-92A3-1CDDD6EB86C7}.AppStore|Any CPU.Deploy.0 = AppStore|iPhone
		{4296BD7B-27A0-4885-92A3-1CDDD6EB86C7}.AppStore|ARM.ActiveCfg = AppStore|iPhone
		{4296BD7B-27A0-4885-92A3-1CDDD6EB86C7}.AppStore|ARM.Build.0 = AppStore|iPhone
		{4296BD7B-27A0-4885-92A3-1CDDD6EB86C7}.AppStore|ARM.Deploy.0 = AppStore|iPhone
		{4296BD7B-27A0-4885-92A3-1CDDD6EB86C7}.AppStore|iPhone.ActiveCfg = AppStore|iPhone
		{4296BD7B-27A0-4885-92A3-1CDDD6EB86C7}.AppStore|iPhone.Build.0 = AppStore|iPhone
		{4296BD7B-27A0-4885-92A3-1CDDD6EB86C7}.AppStore|iPhone.Deploy.0 = AppStore|iPhone
		{4296BD7B-27A0-4885-92A3-1CDDD6EB86C7}.AppStore|iPhoneSimulator.ActiveCfg = AppStore|iPhoneSimulator
		{4296BD7B-27A0-4885-92A3-1CDDD6EB86C7}.AppStore|iPhoneSimulator.Build.0 = AppStore|iPhoneSimulator
		{4296BD7B-27A0-4885-92A3-1CDDD6EB86C7}.AppStore|iPhoneSimulator.Deploy.0 = AppStore|iPhoneSimulator
		{4296BD7B-27A0-4885-92A3-1CDDD6EB86C7}.AppStore|x64.ActiveCfg = AppStore|iPhone
		{4296BD7B-27A0-4885-92A3-1CDDD6EB86C7}.AppStore|x64.Build.0 = AppStore|iPhone
		{4296BD7B-27A0-4885-92A3-1CDDD6EB86C7}.AppStore|x64.Deploy.0 = AppStore|iPhone
		{4296BD7B-27A0-4885-92A3-1CDDD6EB86C7}.AppStore|x86.ActiveCfg = AppStore|iPhone
		{4296BD7B-27A0-4885-92A3-1CDDD6EB86C7}.AppStore|x86.Build.0 = AppStore|iPhone
		{4296BD7B-27A0-4885-92A3-1CDDD6EB86C7}.AppStore|x86.Deploy.0 = AppStore|iPhone
		{4296BD7B-27A0-4885-92A3-1CDDD6EB86C7}.Debug|Any CPU.ActiveCfg = Debug|iPhoneSimulator
		{4296BD7B-27A0-4885-92A3-1CDDD6EB86C7}.Debug|Any CPU.Build.0 = Debug|iPhoneSimulator
		{4296BD7B-27A0-4885-92A3-1CDDD6EB86C7}.Debug|Any CPU.Deploy.0 = Debug|iPhoneSimulator
		{4296BD7B-27A0-4885-92A3-1CDDD6EB86C7}.Debug|ARM.ActiveCfg = Debug|iPhone
		{4296BD7B-27A0-4885-92A3-1CDDD6EB86C7}.Debug|ARM.Build.0 = Debug|iPhone
		{4296BD7B-27A0-4885-92A3-1CDDD6EB86C7}.Debug|ARM.Deploy.0 = Debug|iPhone
		{4296BD7B-27A0-4885-92A3-1CDDD6EB86C7}.Debug|iPhone.ActiveCfg = Debug|iPhone
		{4296BD7B-27A0-4885-92A3-1CDDD6EB86C7}.Debug|iPhone.Build.0 = Debug|iPhone
		{4296BD7B-27A0-4885-92A3-1CDDD6EB86C7}.Debug|iPhone.Deploy.0 = Debug|iPhone
		{4296BD7B-27A0-4885-92A3-1CDDD6EB86C7}.Debug|iPhoneSimulator.ActiveCfg = Debug|iPhoneSimulator
		{4296BD7B-27A0-4885-92A3-1CDDD6EB86C7}.Debug|iPhoneSimulator.Build.0 = Debug|iPhoneSimulator
		{4296BD7B-27A0-4885-92A3-1CDDD6EB86C7}.Debug|iPhoneSimulator.Deploy.0 = Debug|iPhoneSimulator
		{4296BD7B-27A0-4885-92A3-1CDDD6EB86C7}.Debug|x64.ActiveCfg = Debug|iPhone
		{4296BD7B-27A0-4885-92A3-1CDDD6EB86C7}.Debug|x64.Build.0 = Debug|iPhone
		{4296BD7B-27A0-4885-92A3-1CDDD6EB86C7}.Debug|x64.Deploy.0 = Debug|iPhone
		{4296BD7B-27A0-4885-92A3-1CDDD6EB86C7}.Debug|x86.ActiveCfg = Debug|iPhone
		{4296BD7B-27A0-4885-92A3-1CDDD6EB86C7}.Debug|x86.Build.0 = Debug|iPhone
		{4296BD7B-27A0-4885-92A3-1CDDD6EB86C7}.Debug|x86.Deploy.0 = Debug|iPhone
		{4296BD7B-27A0-4885-92A3-1CDDD6EB86C7}.Release|Any CPU.ActiveCfg = Release|iPhone
		{4296BD7B-27A0-4885-92A3-1CDDD6EB86C7}.Release|Any CPU.Build.0 = Release|iPhone
		{4296BD7B-27A0-4885-92A3-1CDDD6EB86C7}.Release|Any CPU.Deploy.0 = Release|iPhone
		{4296BD7B-27A0-4885-92A3-1CDDD6EB86C7}.Release|ARM.ActiveCfg = Release|iPhone
		{4296BD7B-27A0-4885-92A3-1CDDD6EB86C7}.Release|ARM.Build.0 = Release|iPhone
		{4296BD7B-27A0-4885-92A3-1CDDD6EB86C7}.Release|ARM.Deploy.0 = Release|iPhone
		{4296BD7B-27A0-4885-92A3-1CDDD6EB86C7}.Release|iPhone.ActiveCfg = Release|iPhone
		{4296BD7B-27A0-4885-92A3-1CDDD6EB86C7}.Release|iPhone.Build.0 = Release|iPhone
		{4296BD7B-27A0-4885-92A3-1CDDD6EB86C7}.Release|iPhone.Deploy.0 = Release|iPhone
		{4296BD7B-27A0-4885-92A3-1CDDD6EB86C7}.Release|iPhoneSimulator.ActiveCfg = Release|iPhoneSimulator
		{4296BD7B-27A0-4885-92A3-1CDDD6EB86C7}.Release|iPhoneSimulator.Build.0 = Release|iPhoneSimulator
		{4296BD7B-27A0-4885-92A3-1CDDD6EB86C7}.Release|iPhoneSimulator.Deploy.0 = Release|iPhoneSimulator
		{4296BD7B-27A0-4885-92A3-1CDDD6EB86C7}.Release|x64.ActiveCfg = Release|iPhone
		{4296BD7B-27A0-4885-92A3-1CDDD6EB86C7}.Release|x64.Build.0 = Release|iPhone
		{4296BD7B-27A0-4885-92A3-1CDDD6EB86C7}.Release|x64.Deploy.0 = Release|iPhone
		{4296BD7B-27A0-4885-92A3-1CDDD6EB86C7}.Release|x86.ActiveCfg = Release|iPhone
		{4296BD7B-27A0-4885-92A3-1CDDD6EB86C7}.Release|x86.Build.0 = Release|iPhone
		{4296BD7B-27A0-4885-92A3-1CDDD6EB86C7}.Release|x86.Deploy.0 = Release|iPhone
		{F2A75B28-4BC1-45A1-A384-5C499C12DE3C}.Ad-Hoc|Any CPU.ActiveCfg = Release|x86
		{F2A75B28-4BC1-45A1-A384-5C499C12DE3C}.Ad-Hoc|Any CPU.Build.0 = Release|x86
		{F2A75B28-4BC1-45A1-A384-5C499C12DE3C}.Ad-Hoc|Any CPU.Deploy.0 = Release|x86
		{F2A75B28-4BC1-45A1-A384-5C499C12DE3C}.Ad-Hoc|ARM.ActiveCfg = Release|ARM
		{F2A75B28-4BC1-45A1-A384-5C499C12DE3C}.Ad-Hoc|ARM.Build.0 = Release|ARM
		{F2A75B28-4BC1-45A1-A384-5C499C12DE3C}.Ad-Hoc|ARM.Deploy.0 = Release|ARM
		{F2A75B28-4BC1-45A1-A384-5C499C12DE3C}.Ad-Hoc|iPhone.ActiveCfg = Release|x86
		{F2A75B28-4BC1-45A1-A384-5C499C12DE3C}.Ad-Hoc|iPhone.Build.0 = Release|x86
		{F2A75B28-4BC1-45A1-A384-5C499C12DE3C}.Ad-Hoc|iPhone.Deploy.0 = Release|x86
		{F2A75B28-4BC1-45A1-A384-5C499C12DE3C}.Ad-Hoc|iPhoneSimulator.ActiveCfg = Release|x86
		{F2A75B28-4BC1-45A1-A384-5C499C12DE3C}.Ad-Hoc|iPhoneSimulator.Build.0 = Release|x86
		{F2A75B28-4BC1-45A1-A384-5C499C12DE3C}.Ad-Hoc|iPhoneSimulator.Deploy.0 = Release|x86
		{F2A75B28-4BC1-45A1-A384-5C499C12DE3C}.Ad-Hoc|x64.ActiveCfg = Release|x64
		{F2A75B28-4BC1-45A1-A384-5C499C12DE3C}.Ad-Hoc|x64.Build.0 = Release|x64
		{F2A75B28-4BC1-45A1-A384-5C499C12DE3C}.Ad-Hoc|x64.Deploy.0 = Release|x64
		{F2A75B28-4BC1-45A1-A384-5C499C12DE3C}.Ad-Hoc|x86.ActiveCfg = Release|x86
		{F2A75B28-4BC1-45A1-A384-5C499C12DE3C}.Ad-Hoc|x86.Build.0 = Release|x86
		{F2A75B28-4BC1-45A1-A384-5C499C12DE3C}.Ad-Hoc|x86.Deploy.0 = Release|x86
		{F2A75B28-4BC1-45A1-A384-5C499C12DE3C}.AppStore|Any CPU.ActiveCfg = Release|x86
		{F2A75B28-4BC1-45A1-A384-5C499C12DE3C}.AppStore|Any CPU.Build.0 = Release|x86
		{F2A75B28-4BC1-45A1-A384-5C499C12DE3C}.AppStore|Any CPU.Deploy.0 = Release|x86
		{F2A75B28-4BC1-45A1-A384-5C499C12DE3C}.AppStore|ARM.ActiveCfg = Release|ARM
		{F2A75B28-4BC1-45A1-A384-5C499C12DE3C}.AppStore|ARM.Build.0 = Release|ARM
		{F2A75B28-4BC1-45A1-A384-5C499C12DE3C}.AppStore|ARM.Deploy.0 = Release|ARM
		{F2A75B28-4BC1-45A1-A384-5C499C12DE3C}.AppStore|iPhone.ActiveCfg = Release|x86
		{F2A75B28-4BC1-45A1-A384-5C499C12DE3C}.AppStore|iPhone.Build.0 = Release|x86
		{F2A75B28-4BC1-45A1-A384-5C499C12DE3C}.AppStore|iPhone.Deploy.0 = Release|x86
		{F2A75B28-4BC1-45A1-A384-5C499C12DE3C}.AppStore|iPhoneSimulator.ActiveCfg = Release|x86
		{F2A75B28-4BC1-45A1-A384-5C499C12DE3C}.AppStore|iPhoneSimulator.Build.0 = Release|x86
		{F2A75B28-4BC1-45A1-A384-5C499C12DE3C}.AppStore|iPhoneSimulator.Deploy.0 = Release|x86
		{F2A75B28-4BC1-45A1-A384-5C499C12DE3C}.AppStore|x64.ActiveCfg = Release|x64
		{F2A75B28-4BC1-45A1-A384-5C499C12DE3C}.AppStore|x64.Build.0 = Release|x64
		{F2A75B28-4BC1-45A1-A384-5C499C12DE3C}.AppStore|x64.Deploy.0 = Release|x64
		{F2A75B28-4BC1-45A1-A384-5C499C12DE3C}.AppStore|x86.ActiveCfg = Release|x86
		{F2A75B28-4BC1-45A1-A384-5C499C12DE3C}.AppStore|x86.Build.0 = Release|x86
		{F2A75B28-4BC1-45A1-A384-5C499C12DE3C}.AppStore|x86.Deploy.0 = Release|x86
		{F2A75B28-4BC1-45A1-A384-5C499C12DE3C}.Debug|Any CPU.ActiveCfg = Debug|x86
		{F2A75B28-4BC1-45A1-A384-5C499C12DE3C}.Debug|Any CPU.Build.0 = Debug|x86
		{F2A75B28-4BC1-45A1-A384-5C499C12DE3C}.Debug|Any CPU.Deploy.0 = Debug|x86
		{F2A75B28-4BC1-45A1-A384-5C499C12DE3C}.Debug|ARM.ActiveCfg = Debug|ARM
		{F2A75B28-4BC1-45A1-A384-5C499C12DE3C}.Debug|ARM.Build.0 = Debug|ARM
		{F2A75B28-4BC1-45A1-A384-5C499C12DE3C}.Debug|ARM.Deploy.0 = Debug|ARM
		{F2A75B28-4BC1-45A1-A384-5C499C12DE3C}.Debug|iPhone.ActiveCfg = Debug|x86
		{F2A75B28-4BC1-45A1-A384-5C499C12DE3C}.Debug|iPhone.Build.0 = Debug|x86
		{F2A75B28-4BC1-45A1-A384-5C499C12DE3C}.Debug|iPhone.Deploy.0 = Debug|x86
		{F2A75B28-4BC1-45A1-A384-5C499C12DE3C}.Debug|iPhoneSimulator.ActiveCfg = Debug|x86
		{F2A75B28-4BC1-45A1-A384-5C499C12DE3C}.Debug|iPhoneSimulator.Build.0 = Debug|x86
		{F2A75B28-4BC1-45A1-A384-5C499C12DE3C}.Debug|iPhoneSimulator.Deploy.0 = Debug|x86
		{F2A75B28-4BC1-45A1-A384-5C499C12DE3C}.Debug|x64.ActiveCfg = Debug|x64
		{F2A75B28-4BC1-45A1-A384-5C499C12DE3C}.Debug|x64.Build.0 = Debug|x64
		{F2A75B28-4BC1-45A1-A384-5C499C12DE3C}.Debug|x64.Deploy.0 = Debug|x64
		{F2A75B28-4BC1-45A1-A384-5C499C12DE3C}.Debug|x86.ActiveCfg = Debug|x86
		{F2A75B28-4BC1-45A1-A384-5C499C12DE3C}.Debug|x86.Build.0 = Debug|x86
		{F2A75B28-4BC1-45A1-A384-5C499C12DE3C}.Debug|x86.Deploy.0 = Debug|x86
		{F2A75B28-4BC1-45A1-A384-5C499C12DE3C}.Release|Any CPU.ActiveCfg = Release|x86
		{F2A75B28-4BC1-45A1-A384-5C499C12DE3C}.Release|Any CPU.Build.0 = Release|x86
		{F2A75B28-4BC1-45A1-A384-5C499C12DE3C}.Release|Any CPU.Deploy.0 = Release|x86
		{F2A75B28-4BC1-45A1-A384-5C499C12DE3C}.Release|ARM.ActiveCfg = Release|ARM
		{F2A75B28-4BC1-45A1-A384-5C499C12DE3C}.Release|ARM.Build.0 = Release|ARM
		{F2A75B28-4BC1-45A1-A384-5C499C12DE3C}.Release|ARM.Deploy.0 = Release|ARM
		{F2A75B28-4BC1-45A1-A384-5C499C12DE3C}.Release|iPhone.ActiveCfg = Release|x86
		{F2A75B28-4BC1-45A1-A384-5C499C12DE3C}.Release|iPhone.Build.0 = Release|x86
		{F2A75B28-4BC1-45A1-A384-5C499C12DE3C}.Release|iPhone.Deploy.0 = Release|x86
		{F2A75B28-4BC1-45A1-A384-5C499C12DE3C}.Release|iPhoneSimulator.ActiveCfg = Release|x86
		{F2A75B28-4BC1-45A1-A384-5C499C12DE3C}.Release|iPhoneSimulator.Build.0 = Release|x86
		{F2A75B28-4BC1-45A1-A384-5C499C12DE3C}.Release|iPhoneSimulator.Deploy.0 = Release|x86
		{F2A75B28-4BC1-45A1-A384-5C499C12DE3C}.Release|x64.ActiveCfg = Release|x64
		{F2A75B28-4BC1-45A1-A384-5C499C12DE3C}.Release|x64.Build.0 = Release|x64
		{F2A75B28-4BC1-45A1-A384-5C499C12DE3C}.Release|x64.Deploy.0 = Release|x64
		{F2A75B28-4BC1-45A1-A384-5C499C12DE3C}.Release|x86.ActiveCfg = Release|x86
		{F2A75B28-4BC1-45A1-A384-5C499C12DE3C}.Release|x86.Build.0 = Release|x86
		{F2A75B28-4BC1-45A1-A384-5C499C12DE3C}.Release|x86.Deploy.0 = Release|x86
	EndGlobalSection
	GlobalSection(SolutionProperties) = preSolution
		HideSolutionNode = FALSE
	EndGlobalSection
	GlobalSection(ExtensibilityGlobals) = postSolution
		SolutionGuid = {CBD2994D-7EA8-495F-BE68-3CF77B6CF7E1}
	EndGlobalSection
EndGlobal
